
Microsoft Visual Studio Solution File, Format Version 12.00
# Visual Studio Version 16
VisualStudioVersion = 16.0.30002.166
MinimumVisualStudioVersion = 10.0.40219.1
Project("{FAE04EC0-301F-11D3-BF4B-00C04F79EFBC}") = "DemoRAR", "DemoRAR\DemoRAR.csproj", "{754576B4-4BB4-43F1-BEF3-895C848FF7CF}"
EndProject
Global
	GlobalSection(SolutionConfigurationPlatforms) = preSolution
		Debug|Any CPU = Debug|Any CPU
		Release|Any CPU = Release|Any CPU
	EndGlobalSection
	GlobalSection(ProjectConfigurationPlatforms) = postSolution
		{754576B4-4BB4-43F1-BEF3-895C848FF7CF}.Debug|Any CPU.ActiveCfg = Debug|Any CPU
		{754576B4-4BB4-43F1-BEF3-895C848FF7CF}.Debug|Any CPU.Build.0 = Debug|Any CPU
		{754576B4-4BB4-43F1-BEF3-895C848FF7CF}.Release|Any CPU.ActiveCfg = Release|Any CPU
		{754576B4-4BB4-43F1-BEF3-895C848FF7CF}.Release|Any CPU.Build.0 = Release|Any CPU
	EndGlobalSection
	GlobalSection(SolutionProperties) = preSolution
		HideSolutionNode = FALSE
	EndGlobalSection
	GlobalSection(ExtensibilityGlobals) = postSolution
		SolutionGuid = {B4F48279-D27F-493D-A005-77BA4268D22C}
	EndGlobalSection
EndGlobal
